
Microsoft Visual Studio Solution File, Format Version 12.00
# Visual Studio Version 18
VisualStudioVersion = 18.4.11620.152 stable
MinimumVisualStudioVersion = 10.0.40219.1
Project("{FAE04EC0-301F-11D3-BF4B-00C04F79EFBC}") = "BurgerKios", "BurgerKiosk.csproj", "{4D01E40A-F612-E6B2-E2A4-6F51D268E677}"
EndProject
Global
	GlobalSection(SolutionConfigurationPlatforms) = preSolution
		Debug|Any CPU = Debug|Any CPU
		Release|Any CPU = Release|Any CPU
	EndGlobalSection
	GlobalSection(ProjectConfigurationPlatforms) = postSolution
		{4D01E40A-F612-E6B2-E2A4-6F51D268E677}.Debug|Any CPU.ActiveCfg = Debug|Any CPU
		{4D01E40A-F612-E6B2-E2A4-6F51D268E677}.Debug|Any CPU.Build.0 = Debug|Any CPU
		{4D01E40A-F612-E6B2-E2A4-6F51D268E677}.Release|Any CPU.ActiveCfg = Release|Any CPU
		{4D01E40A-F612-E6B2-E2A4-6F51D268E677}.Release|Any CPU.Build.0 = Release|Any CPU
	EndGlobalSection
	GlobalSection(SolutionProperties) = preSolution
		HideSolutionNode = FALSE
	EndGlobalSection
	GlobalSection(ExtensibilityGlobals) = postSolution
		SolutionGuid = {3860139E-D8BA-49A1-B8F7-3B3773167AF3}
	EndGlobalSection
EndGlobal
